
Microsoft Visual Studio Solution File, Format Version 12.00
# Visual Studio Version 17
VisualStudioVersion = 17.8.34525.116
MinimumVisualStudioVersion = 10.0.40219.1
Project("{FAE04EC0-301F-11D3-BF4B-00C04F79EFBC}") = "GitHub øvelse fra youtube uge 14", "GitHub øvelse fra youtube uge 14\GitHub øvelse fra youtube uge 14.csproj", "{417A196F-3D5D-409F-BB45-89823CC209B1}"
EndProject
Global
	GlobalSection(SolutionConfigurationPlatforms) = preSolution
		Debug|Any CPU = Debug|Any CPU
		Release|Any CPU = Release|Any CPU
	EndGlobalSection
	GlobalSection(ProjectConfigurationPlatforms) = postSolution
		{417A196F-3D5D-409F-BB45-89823CC209B1}.Debug|Any CPU.ActiveCfg = Debug|Any CPU
		{417A196F-3D5D-409F-BB45-89823CC209B1}.Debug|Any CPU.Build.0 = Debug|Any CPU
		{417A196F-3D5D-409F-BB45-89823CC209B1}.Release|Any CPU.ActiveCfg = Release|Any CPU
		{417A196F-3D5D-409F-BB45-89823CC209B1}.Release|Any CPU.Build.0 = Release|Any CPU
	EndGlobalSection
	GlobalSection(SolutionProperties) = preSolution
		HideSolutionNode = FALSE
	EndGlobalSection
	GlobalSection(ExtensibilityGlobals) = postSolution
		SolutionGuid = {2C32E893-E4F7-4770-A0B8-EA5F6D1A5DAF}
	EndGlobalSection
EndGlobal
